# This file is automatically @generated by Cargo.
# It is not intended for manual editing.
[[package]]
name = "postgres-headers-rs"
version = "0.1.0"
source = "git+https://github.com/JLockerman/ts-extend-rs#427efded8ae380b97ac6b98f08b0cd979a5c84e7"

[[package]]
name = "timescale_prometheus_extra_rs"
version = "0.1.0"
dependencies = [
 "ts-extend",
]

[[package]]
name = "ts-extend"
version = "0.1.0"
source = "git+https://github.com/JLockerman/ts-extend-rs#427efded8ae380b97ac6b98f08b0cd979a5c84e7"
dependencies = [
 "postgres-headers-rs",
]
