# This file is automatically @generated by Cargo.
# It is not intended for manual editing.
[[package]]
name = "postgres-headers-rs"
version = "0.1.0"
source = "git+https://github.com/JLockerman/ts-extend-rs#d67fe297c943f484e20a6d81e3bb6a88ca24302a"

[[package]]
name = "timescale_prometheus_extra_rs"
version = "0.1.0"
dependencies = [
 "ts-extend",
]

[[package]]
name = "ts-extend"
version = "0.1.0"
source = "git+https://github.com/JLockerman/ts-extend-rs#d67fe297c943f484e20a6d81e3bb6a88ca24302a"
dependencies = [
 "postgres-headers-rs",
]
