# This file is automatically @generated by Cargo.
# It is not intended for manual editing.
[[package]]
name = "postgres-headers-rs"
version = "0.1.0"
source = "git+https://github.com/JLockerman/ts-extend-rs#61d0b41271f7239ddc960584d2788d030e32f673"

[[package]]
name = "timescale_prometheus_extra_rs"
version = "0.1.0"
dependencies = [
 "ts-extend",
]

[[package]]
name = "ts-extend"
version = "0.1.0"
source = "git+https://github.com/JLockerman/ts-extend-rs#61d0b41271f7239ddc960584d2788d030e32f673"
dependencies = [
 "postgres-headers-rs",
]
